
Microsoft Visual Studio Solution File, Format Version 12.00
# Visual Studio 15
VisualStudioVersion = 15.0.26403.7
MinimumVisualStudioVersion = 10.0.40219.1
Project("{2150E333-8FDC-42A3-9474-1A3956D46DE8}") = "Solution Items", "Solution Items", "{CB80A7D6-06DB-4178-A836-9A6D9F9A1A3F}"
	ProjectSection(SolutionItems) = preProject
		appveyor.yml = appveyor.yml
		build.cake = build.cake
		build.cmd = build.cmd
		build.ps1 = build.ps1
		logo.png = logo.png
	EndProjectSection
EndProject
Project("{2150E333-8FDC-42A3-9474-1A3956D46DE8}") = "tools", "tools", "{1B124465-513C-4C82-B9C2-DF9FE41BC789}"
	ProjectSection(SolutionItems) = preProject
		tools\packages.config = tools\packages.config
	EndProjectSection
EndProject
Project("{9A19103F-16F7-4668-BE54-9A1E7A4F7556}") = "Quarks.DataAccess.Db", "src\Quarks.DataAccess.Db\Quarks.DataAccess.Db.csproj", "{EC051822-9528-4859-B2BE-75401C1ACFB5}"
EndProject
Project("{9A19103F-16F7-4668-BE54-9A1E7A4F7556}") = "Quarks.DataAccess.Db.Tests", "tests\Quarks.DataAccess.Db.Tests\Quarks.DataAccess.Db.Tests.csproj", "{658A6E10-30BA-4F8E-81D9-674015049EEE}"
EndProject
Global
	GlobalSection(SolutionConfigurationPlatforms) = preSolution
		Debug|Any CPU = Debug|Any CPU
		Release|Any CPU = Release|Any CPU
	EndGlobalSection
	GlobalSection(ProjectConfigurationPlatforms) = postSolution
		{EC051822-9528-4859-B2BE-75401C1ACFB5}.Debug|Any CPU.ActiveCfg = Debug|Any CPU
		{EC051822-9528-4859-B2BE-75401C1ACFB5}.Debug|Any CPU.Build.0 = Debug|Any CPU
		{EC051822-9528-4859-B2BE-75401C1ACFB5}.Release|Any CPU.ActiveCfg = Release|Any CPU
		{EC051822-9528-4859-B2BE-75401C1ACFB5}.Release|Any CPU.Build.0 = Release|Any CPU
		{658A6E10-30BA-4F8E-81D9-674015049EEE}.Debug|Any CPU.ActiveCfg = Debug|Any CPU
		{658A6E10-30BA-4F8E-81D9-674015049EEE}.Debug|Any CPU.Build.0 = Debug|Any CPU
		{658A6E10-30BA-4F8E-81D9-674015049EEE}.Release|Any CPU.ActiveCfg = Release|Any CPU
		{658A6E10-30BA-4F8E-81D9-674015049EEE}.Release|Any CPU.Build.0 = Release|Any CPU
	EndGlobalSection
	GlobalSection(SolutionProperties) = preSolution
		HideSolutionNode = FALSE
	EndGlobalSection
	GlobalSection(NestedProjects) = preSolution
		{1B124465-513C-4C82-B9C2-DF9FE41BC789} = {CB80A7D6-06DB-4178-A836-9A6D9F9A1A3F}
	EndGlobalSection
EndGlobal
